
Microsoft Visual Studio Solution File, Format Version 12.00
# Visual Studio 15
Project("{FAE04EC0-301F-11D3-BF4B-00C04F79EFBC}") = "Unity.XR.Interaction.Toolkit.Samples.StarterAssets", "Unity.XR.Interaction.Toolkit.Samples.StarterAssets.csproj", "{9E5EFA05-4FA8-01B5-0B2C-A315120A26BF}"
EndProject
Project("{FAE04EC0-301F-11D3-BF4B-00C04F79EFBC}") = "Unity.XR.Interaction.Toolkit.Samples.DeviceSimulator", "Unity.XR.Interaction.Toolkit.Samples.DeviceSimulator.csproj", "{D1BBDCF6-195B-30BE-1D36-A22720BBB1FF}"
EndProject
Project("{FAE04EC0-301F-11D3-BF4B-00C04F79EFBC}") = "Unity.XR.Interaction.Toolkit.Samples.StarterAssets.Editor", "Unity.XR.Interaction.Toolkit.Samples.StarterAssets.Editor.csproj", "{F6004133-D4BB-2579-D65F-084EE04E4F44}"
EndProject
Global
	GlobalSection(SolutionConfigurationPlatforms) = preSolution
		Debug|Any CPU = Debug|Any CPU
		Release|Any CPU = Release|Any CPU
	EndGlobalSection
	GlobalSection(ProjectConfigurationPlatforms) = postSolution
		{9E5EFA05-4FA8-01B5-0B2C-A315120A26BF}.Debug|Any CPU.ActiveCfg = Debug|Any CPU
		{9E5EFA05-4FA8-01B5-0B2C-A315120A26BF}.Debug|Any CPU.Build.0 = Debug|Any CPU
		{9E5EFA05-4FA8-01B5-0B2C-A315120A26BF}.Release|Any CPU.ActiveCfg = Release|Any CPU
		{9E5EFA05-4FA8-01B5-0B2C-A315120A26BF}.Release|Any CPU.Build.0 = Release|Any CPU
		{D1BBDCF6-195B-30BE-1D36-A22720BBB1FF}.Debug|Any CPU.ActiveCfg = Debug|Any CPU
		{D1BBDCF6-195B-30BE-1D36-A22720BBB1FF}.Debug|Any CPU.Build.0 = Debug|Any CPU
		{D1BBDCF6-195B-30BE-1D36-A22720BBB1FF}.Release|Any CPU.ActiveCfg = Release|Any CPU
		{D1BBDCF6-195B-30BE-1D36-A22720BBB1FF}.Release|Any CPU.Build.0 = Release|Any CPU
		{F6004133-D4BB-2579-D65F-084EE04E4F44}.Debug|Any CPU.ActiveCfg = Debug|Any CPU
		{F6004133-D4BB-2579-D65F-084EE04E4F44}.Debug|Any CPU.Build.0 = Debug|Any CPU
		{F6004133-D4BB-2579-D65F-084EE04E4F44}.Release|Any CPU.ActiveCfg = Release|Any CPU
		{F6004133-D4BB-2579-D65F-084EE04E4F44}.Release|Any CPU.Build.0 = Release|Any CPU
	EndGlobalSection
	GlobalSection(SolutionProperties) = preSolution
		HideSolutionNode = FALSE
	EndGlobalSection
EndGlobal
